
Microsoft Visual Studio Solution File, Format Version 12.00
# Visual Studio 15
Project("{FAE04EC0-301F-11D3-BF4B-00C04F79EFBC}") = "RememberApp", "RememberApp\RememberApp.csproj", "{A84D57C0-4E98-4BA5-AB53-63D08795DBDD}"
EndProject
Global
	GlobalSection(SolutionConfigurationPlatforms) = preSolution
		Debug|Any CPU = Debug|Any CPU
		Release|Any CPU = Release|Any CPU
	EndGlobalSection
	GlobalSection(ProjectConfigurationPlatforms) = postSolution
		{A84D57C0-4E98-4BA5-AB53-63D08795DBDD}.Debug|Any CPU.ActiveCfg = Debug|Any CPU
		{A84D57C0-4E98-4BA5-AB53-63D08795DBDD}.Debug|Any CPU.Build.0 = Debug|Any CPU
		{A84D57C0-4E98-4BA5-AB53-63D08795DBDD}.Release|Any CPU.ActiveCfg = Release|Any CPU
		{A84D57C0-4E98-4BA5-AB53-63D08795DBDD}.Release|Any CPU.Build.0 = Release|Any CPU
	EndGlobalSection
EndGlobal
